
Microsoft Visual Studio Solution File, Format Version 12.00
# Visual Studio Version 17
VisualStudioVersion = 17.12.35514.174 d17.12
MinimumVisualStudioVersion = 10.0.40219.1
Project("{FAE04EC0-301F-11D3-BF4B-00C04F79EFBC}") = "DVLD", "DVLD\DVLD.csproj", "{769C7035-FEBE-4D39-BCAA-866BECD36731}"
EndProject
Project("{FAE04EC0-301F-11D3-BF4B-00C04F79EFBC}") = "DVLD_Business", "DVLD_BusinessLayer\DVLD_Business.csproj", "{768904AE-5086-4C7F-B99F-279ECD781052}"
EndProject
Project("{FAE04EC0-301F-11D3-BF4B-00C04F79EFBC}") = "DVLD_DataAccess", "DVLD_DataAccessLayer\DVLD_DataAccess.csproj", "{04A3420E-7B1C-4FCC-A13F-F94B12896E0F}"
EndProject
Global
	GlobalSection(SolutionConfigurationPlatforms) = preSolution
		Debug|Any CPU = Debug|Any CPU
		Release|Any CPU = Release|Any CPU
	EndGlobalSection
	GlobalSection(ProjectConfigurationPlatforms) = postSolution
		{769C7035-FEBE-4D39-BCAA-866BECD36731}.Debug|Any CPU.ActiveCfg = Debug|Any CPU
		{769C7035-FEBE-4D39-BCAA-866BECD36731}.Debug|Any CPU.Build.0 = Debug|Any CPU
		{769C7035-FEBE-4D39-BCAA-866BECD36731}.Release|Any CPU.ActiveCfg = Release|Any CPU
		{769C7035-FEBE-4D39-BCAA-866BECD36731}.Release|Any CPU.Build.0 = Release|Any CPU
		{768904AE-5086-4C7F-B99F-279ECD781052}.Debug|Any CPU.ActiveCfg = Debug|Any CPU
		{768904AE-5086-4C7F-B99F-279ECD781052}.Debug|Any CPU.Build.0 = Debug|Any CPU
		{768904AE-5086-4C7F-B99F-279ECD781052}.Release|Any CPU.ActiveCfg = Release|Any CPU
		{768904AE-5086-4C7F-B99F-279ECD781052}.Release|Any CPU.Build.0 = Release|Any CPU
		{04A3420E-7B1C-4FCC-A13F-F94B12896E0F}.Debug|Any CPU.ActiveCfg = Debug|Any CPU
		{04A3420E-7B1C-4FCC-A13F-F94B12896E0F}.Debug|Any CPU.Build.0 = Debug|Any CPU
		{04A3420E-7B1C-4FCC-A13F-F94B12896E0F}.Release|Any CPU.ActiveCfg = Release|Any CPU
		{04A3420E-7B1C-4FCC-A13F-F94B12896E0F}.Release|Any CPU.Build.0 = Release|Any CPU
	EndGlobalSection
	GlobalSection(SolutionProperties) = preSolution
		HideSolutionNode = FALSE
	EndGlobalSection
EndGlobal
